
Microsoft Visual Studio Solution File, Format Version 12.00
# Visual Studio Version 16
VisualStudioVersion = 16.0.29102.190
MinimumVisualStudioVersion = 10.0.40219.1
Project("{8BC9CEB8-8B4A-11D0-8D11-00A0C91BC942}") = "DMVQueue", "DMVQueue.vcxproj", "{530BA822-552D-4760-9D7A-2B950733CB15}"
EndProject
Project("{8BC9CEB8-8B4A-11D0-8D11-00A0C91BC942}") = "UnitTest", "..\UnitTest\UnitTest.vcxproj", "{151158FD-41C7-41CD-AC2B-48749170AF98}"
EndProject
Global
	GlobalSection(SolutionConfigurationPlatforms) = preSolution
		Debug|x64 = Debug|x64
		Debug|x86 = Debug|x86
		Release|x64 = Release|x64
		Release|x86 = Release|x86
	EndGlobalSection
	GlobalSection(ProjectConfigurationPlatforms) = postSolution
		{530BA822-552D-4760-9D7A-2B950733CB15}.Debug|x64.ActiveCfg = Debug|x64
		{530BA822-552D-4760-9D7A-2B950733CB15}.Debug|x64.Build.0 = Debug|x64
		{530BA822-552D-4760-9D7A-2B950733CB15}.Debug|x86.ActiveCfg = Debug|Win32
		{530BA822-552D-4760-9D7A-2B950733CB15}.Debug|x86.Build.0 = Debug|Win32
		{530BA822-552D-4760-9D7A-2B950733CB15}.Release|x64.ActiveCfg = Release|x64
		{530BA822-552D-4760-9D7A-2B950733CB15}.Release|x64.Build.0 = Release|x64
		{530BA822-552D-4760-9D7A-2B950733CB15}.Release|x86.ActiveCfg = Release|Win32
		{530BA822-552D-4760-9D7A-2B950733CB15}.Release|x86.Build.0 = Release|Win32
		{151158FD-41C7-41CD-AC2B-48749170AF98}.Debug|x64.ActiveCfg = Debug|x64
		{151158FD-41C7-41CD-AC2B-48749170AF98}.Debug|x64.Build.0 = Debug|x64
		{151158FD-41C7-41CD-AC2B-48749170AF98}.Debug|x86.ActiveCfg = Debug|Win32
		{151158FD-41C7-41CD-AC2B-48749170AF98}.Debug|x86.Build.0 = Debug|Win32
		{151158FD-41C7-41CD-AC2B-48749170AF98}.Release|x64.ActiveCfg = Release|x64
		{151158FD-41C7-41CD-AC2B-48749170AF98}.Release|x64.Build.0 = Release|x64
		{151158FD-41C7-41CD-AC2B-48749170AF98}.Release|x86.ActiveCfg = Release|Win32
		{151158FD-41C7-41CD-AC2B-48749170AF98}.Release|x86.Build.0 = Release|Win32
	EndGlobalSection
	GlobalSection(SolutionProperties) = preSolution
		HideSolutionNode = FALSE
	EndGlobalSection
	GlobalSection(ExtensibilityGlobals) = postSolution
		SolutionGuid = {CA3002CD-FFB4-4A43-9654-8753DF5CEB4B}
	EndGlobalSection
EndGlobal
